
Microsoft Visual Studio Solution File, Format Version 12.00
# Visual Studio Version 17
VisualStudioVersion = 17.1.32228.430
MinimumVisualStudioVersion = 10.0.40219.1
Project("{9A19103F-16F7-4668-BE54-9A1E7A4F7556}") = "TaskPicker.Wasm", "TaskPicker.Wasm\TaskPicker.Wasm.csproj", "{5A2C47F2-030D-41B0-A08A-15417DBFD4BF}"
EndProject
Project("{9A19103F-16F7-4668-BE54-9A1E7A4F7556}") = "TaskPicker", "TaskPicker\TaskPicker.csproj", "{01E5D996-BBBC-4E06-A1B2-D2C731DFE287}"
EndProject
Global
	GlobalSection(SolutionConfigurationPlatforms) = preSolution
		Debug|Any CPU = Debug|Any CPU
		Release|Any CPU = Release|Any CPU
	EndGlobalSection
	GlobalSection(ProjectConfigurationPlatforms) = postSolution
		{5A2C47F2-030D-41B0-A08A-15417DBFD4BF}.Debug|Any CPU.ActiveCfg = Debug|Any CPU
		{5A2C47F2-030D-41B0-A08A-15417DBFD4BF}.Debug|Any CPU.Build.0 = Debug|Any CPU
		{5A2C47F2-030D-41B0-A08A-15417DBFD4BF}.Release|Any CPU.ActiveCfg = Release|Any CPU
		{5A2C47F2-030D-41B0-A08A-15417DBFD4BF}.Release|Any CPU.Build.0 = Release|Any CPU
		{01E5D996-BBBC-4E06-A1B2-D2C731DFE287}.Debug|Any CPU.ActiveCfg = Debug|Any CPU
		{01E5D996-BBBC-4E06-A1B2-D2C731DFE287}.Debug|Any CPU.Build.0 = Debug|Any CPU
		{01E5D996-BBBC-4E06-A1B2-D2C731DFE287}.Release|Any CPU.ActiveCfg = Release|Any CPU
		{01E5D996-BBBC-4E06-A1B2-D2C731DFE287}.Release|Any CPU.Build.0 = Release|Any CPU
	EndGlobalSection
	GlobalSection(SolutionProperties) = preSolution
		HideSolutionNode = FALSE
	EndGlobalSection
	GlobalSection(ExtensibilityGlobals) = postSolution
		SolutionGuid = {B660400F-C701-41C9-B3C5-460BE591848A}
	EndGlobalSection
EndGlobal
